
Microsoft Visual Studio Solution File, Format Version 12.00
# Visual Studio Version 16
VisualStudioVersion = 16.0.29911.84
MinimumVisualStudioVersion = 10.0.40219.1
Project("{FAE04EC0-301F-11D3-BF4B-00C04F79EFBC}") = "HW26  23-05-2020", "HW26  23-05-2020.csproj", "{D9DF922D-3B5F-47EE-82C1-90D0201409D4}"
EndProject
Global
	GlobalSection(SolutionConfigurationPlatforms) = preSolution
		Debug|Any CPU = Debug|Any CPU
		Release|Any CPU = Release|Any CPU
	EndGlobalSection
	GlobalSection(ProjectConfigurationPlatforms) = postSolution
		{D9DF922D-3B5F-47EE-82C1-90D0201409D4}.Debug|Any CPU.ActiveCfg = Debug|Any CPU
		{D9DF922D-3B5F-47EE-82C1-90D0201409D4}.Debug|Any CPU.Build.0 = Debug|Any CPU
		{D9DF922D-3B5F-47EE-82C1-90D0201409D4}.Release|Any CPU.ActiveCfg = Release|Any CPU
		{D9DF922D-3B5F-47EE-82C1-90D0201409D4}.Release|Any CPU.Build.0 = Release|Any CPU
	EndGlobalSection
	GlobalSection(SolutionProperties) = preSolution
		HideSolutionNode = FALSE
	EndGlobalSection
	GlobalSection(ExtensibilityGlobals) = postSolution
		SolutionGuid = {CD94FC6D-94D7-410D-A055-5EFDDEC3A485}
	EndGlobalSection
EndGlobal
